
Microsoft Visual Studio Solution File, Format Version 12.00
# Visual Studio Version 16
VisualStudioVersion = 16.0.30717.126
MinimumVisualStudioVersion = 10.0.40219.1
Project("{9A19103F-16F7-4668-BE54-9A1E7A4F7556}") = "Rodrigo.Tech.BoilerPlate", "Rodrigo.Tech.BoilerPlate\Rodrigo.Tech.BoilerPlate.csproj", "{FBFFE9D0-77B0-4CD7-A468-3FFCEE5D4EFA}"
EndProject
Project("{9A19103F-16F7-4668-BE54-9A1E7A4F7556}") = "Rodrigo.Tech.Model", "Rodrigo.Tech.Model\Rodrigo.Tech.Model.csproj", "{8F0FEB50-B2A3-405B-9DC6-BB56573063E9}"
EndProject
Project("{9A19103F-16F7-4668-BE54-9A1E7A4F7556}") = "Rodrigo.Tech.Repository", "Rodrigo.Tech.Repository\Rodrigo.Tech.Repository.csproj", "{835B934D-2D14-42F4-AE1E-5FF1915CFD61}"
EndProject
Project("{9A19103F-16F7-4668-BE54-9A1E7A4F7556}") = "Rodrigo.Tech.Utility", "Rodrigo.Tech.Utility\Rodrigo.Tech.Utility.csproj", "{52B9B612-541B-47B0-85FD-CC2AE897E67B}"
EndProject
Project("{9A19103F-16F7-4668-BE54-9A1E7A4F7556}") = "Rodrigo.Tech.Services", "Rodrigo.Tech.Services\Rodrigo.Tech.Services.csproj", "{DCD9A289-2BCD-4697-BA2C-1B039C6B484A}"
EndProject
Global
	GlobalSection(SolutionConfigurationPlatforms) = preSolution
		Debug|Any CPU = Debug|Any CPU
		Release|Any CPU = Release|Any CPU
	EndGlobalSection
	GlobalSection(ProjectConfigurationPlatforms) = postSolution
		{FBFFE9D0-77B0-4CD7-A468-3FFCEE5D4EFA}.Debug|Any CPU.ActiveCfg = Debug|Any CPU
		{FBFFE9D0-77B0-4CD7-A468-3FFCEE5D4EFA}.Debug|Any CPU.Build.0 = Debug|Any CPU
		{FBFFE9D0-77B0-4CD7-A468-3FFCEE5D4EFA}.Release|Any CPU.ActiveCfg = Release|Any CPU
		{FBFFE9D0-77B0-4CD7-A468-3FFCEE5D4EFA}.Release|Any CPU.Build.0 = Release|Any CPU
		{8F0FEB50-B2A3-405B-9DC6-BB56573063E9}.Debug|Any CPU.ActiveCfg = Debug|Any CPU
		{8F0FEB50-B2A3-405B-9DC6-BB56573063E9}.Debug|Any CPU.Build.0 = Debug|Any CPU
		{8F0FEB50-B2A3-405B-9DC6-BB56573063E9}.Release|Any CPU.ActiveCfg = Release|Any CPU
		{8F0FEB50-B2A3-405B-9DC6-BB56573063E9}.Release|Any CPU.Build.0 = Release|Any CPU
		{835B934D-2D14-42F4-AE1E-5FF1915CFD61}.Debug|Any CPU.ActiveCfg = Debug|Any CPU
		{835B934D-2D14-42F4-AE1E-5FF1915CFD61}.Debug|Any CPU.Build.0 = Debug|Any CPU
		{835B934D-2D14-42F4-AE1E-5FF1915CFD61}.Release|Any CPU.ActiveCfg = Release|Any CPU
		{835B934D-2D14-42F4-AE1E-5FF1915CFD61}.Release|Any CPU.Build.0 = Release|Any CPU
		{52B9B612-541B-47B0-85FD-CC2AE897E67B}.Debug|Any CPU.ActiveCfg = Debug|Any CPU
		{52B9B612-541B-47B0-85FD-CC2AE897E67B}.Debug|Any CPU.Build.0 = Debug|Any CPU
		{52B9B612-541B-47B0-85FD-CC2AE897E67B}.Release|Any CPU.ActiveCfg = Release|Any CPU
		{52B9B612-541B-47B0-85FD-CC2AE897E67B}.Release|Any CPU.Build.0 = Release|Any CPU
		{DCD9A289-2BCD-4697-BA2C-1B039C6B484A}.Debug|Any CPU.ActiveCfg = Debug|Any CPU
		{DCD9A289-2BCD-4697-BA2C-1B039C6B484A}.Debug|Any CPU.Build.0 = Debug|Any CPU
		{DCD9A289-2BCD-4697-BA2C-1B039C6B484A}.Release|Any CPU.ActiveCfg = Release|Any CPU
		{DCD9A289-2BCD-4697-BA2C-1B039C6B484A}.Release|Any CPU.Build.0 = Release|Any CPU
	EndGlobalSection
	GlobalSection(SolutionProperties) = preSolution
		HideSolutionNode = FALSE
	EndGlobalSection
	GlobalSection(ExtensibilityGlobals) = postSolution
		SolutionGuid = {979520D2-7D7D-4D2F-8DD7-78BA599F169F}
	EndGlobalSection
EndGlobal
